github.com/gomidi/cc v0.2.0/go.mod h1:pp/v4mQ8/Z6O7KoGukAO9MNQ5nhUUgAJlJU7XsC4IpI=
github.com/gomidi/connect/imported/rtmidi v0.0.0-20180828130758-a8191d0418b8/go.mod h1:zUjKIk2vlEK+kwNc2MUtAmm8LG3mtzBRwwt6gdwtV3c=
github.com/gomidi/mid v0.15.0/go.mod h1:eudyOHRUnIZ+Ikl4umKxYLjsSiYqrcF3zHfct3xRAuQ=
github.com/gomidi/midi v1.4.1/go.mod h1:B16DbgtsXSbQK9Q75aVezVL6VGhaK+2CVe/ybwUUCHE=
